// !$*UTF8*$!
{
	archiveVersion = 1;
	classes = {
	};
	objectVersion = 56;
	objects = {

/* Begin PBXBuildFile section */
		3F0A895629F6F53E006B8485 /* Vida_submarinaApp.swift in Sources */ = {isa = PBXBuildFile; fileRef = 3F0A895529F6F53E006B8485 /* Vida_submarinaApp.swift */; };
		3F0A895829F6F53E006B8485 /* playasView.swift in Sources */ = {isa = PBXBuildFile; fileRef = 3F0A895729F6F53E006B8485 /* playasView.swift */; };
		3F0A895A29F6F53F006B8485 /* Assets.xcassets in Resources */ = {isa = PBXBuildFile; fileRef = 3F0A895929F6F53F006B8485 /* Assets.xcassets */; };
		3F0A895D29F6F53F006B8485 /* Preview Assets.xcassets in Resources */ = {isa = PBXBuildFile; fileRef = 3F0A895C29F6F53F006B8485 /* Preview Assets.xcassets */; };
		3F0A895F29F6F53F006B8485 /* Persistence.swift in Sources */ = {isa = PBXBuildFile; fileRef = 3F0A895E29F6F53F006B8485 /* Persistence.swift */; };
		3F0A896229F6F53F006B8485 /* Vida_submarina.xcdatamodeld in Sources */ = {isa = PBXBuildFile; fileRef = 3F0A896029F6F53F006B8485 /* Vida_submarina.xcdatamodeld */; };
		3F0A896C29F6F53F006B8485 /* Vida_submarinaTests.swift in Sources */ = {isa = PBXBuildFile; fileRef = 3F0A896B29F6F53F006B8485 /* Vida_submarinaTests.swift */; };
		3F0A897629F6F53F006B8485 /* Vida_submarinaUITests.swift in Sources */ = {isa = PBXBuildFile; fileRef = 3F0A897529F6F53F006B8485 /* Vida_submarinaUITests.swift */; };
		3F0A897829F6F53F006B8485 /* Vida_submarinaUITestsLaunchTests.swift in Sources */ = {isa = PBXBuildFile; fileRef = 3F0A897729F6F53F006B8485 /* Vida_submarinaUITestsLaunchTests.swift */; };
		3F0A898529F73367006B8485 /* listaGeneral.swift in Sources */ = {isa = PBXBuildFile; fileRef = 3F0A898429F73367006B8485 /* listaGeneral.swift */; };
		3F73885C29F87EB600EB5065 /* SplashScreen.swift in Sources */ = {isa = PBXBuildFile; fileRef = 3F73885B29F87EB600EB5065 /* SplashScreen.swift */; };
		3F7E225F29F8655900C82429 /* helper.swift in Sources */ = {isa = PBXBuildFile; fileRef = 3F7E225E29F8655900C82429 /* helper.swift */; };
		3F7E226129F8672600C82429 /* DetailInfo.swift in Sources */ = {isa = PBXBuildFile; fileRef = 3F7E226029F8672600C82429 /* DetailInfo.swift */; };
/* End PBXBuildFile section */

/* Begin PBXContainerItemProxy section */
		3F0A896829F6F53F006B8485 /* PBXContainerItemProxy */ = {
			isa = PBXContainerItemProxy;
			containerPortal = 3F0A894A29F6F53E006B8485 /* Project object */;
			proxyType = 1;
			remoteGlobalIDString = 3F0A895129F6F53E006B8485;
			remoteInfo = "Vida submarina";
		};
		3F0A897229F6F53F006B8485 /* PBXContainerItemProxy */ = {
			isa = PBXContainerItemProxy;
			containerPortal = 3F0A894A29F6F53E006B8485 /* Project object */;
			proxyType = 1;
			remoteGlobalIDString = 3F0A895129F6F53E006B8485;
			remoteInfo = "Vida submarina";
		};
/* End PBXContainerItemProxy section */

/* Begin PBXFileReference section */
		3F0A895229F6F53E006B8485 /* Vida submarina.app */ = {isa = PBXFileReference; explicitFileType = wrapper.application; includeInIndex = 0; path = "Vida submarina.app"; sourceTree = BUILT_PRODUCTS_DIR; };
		3F0A895529F6F53E006B8485 /* Vida_submarinaApp.swift */ = {isa = PBXFileReference; lastKnownFileType = sourcecode.swift; path = Vida_submarinaApp.swift; sourceTree = "<group>"; };
		3F0A895729F6F53E006B8485 /* playasView.swift */ = {isa = PBXFileReference; lastKnownFileType = sourcecode.swift; path = playasView.swift; sourceTree = "<group>"; };
		3F0A895929F6F53F006B8485 /* Assets.xcassets */ = {isa = PBXFileReference; lastKnownFileType = folder.assetcatalog; path = Assets.xcassets; sourceTree = "<group>"; };
		3F0A895C29F6F53F006B8485 /* Preview Assets.xcassets */ = {isa = PBXFileReference; lastKnownFileType = folder.assetcatalog; path = "Preview Assets.xcassets"; sourceTree = "<group>"; };
		3F0A895E29F6F53F006B8485 /* Persistence.swift */ = {isa = PBXFileReference; lastKnownFileType = sourcecode.swift; path = Persistence.swift; sourceTree = "<group>"; };
		3F0A896129F6F53F006B8485 /* Vida_submarina.xcdatamodel */ = {isa = PBXFileReference; lastKnownFileType = wrapper.xcdatamodel; path = Vida_submarina.xcdatamodel; sourceTree = "<group>"; };
		3F0A896729F6F53F006B8485 /* Vida submarinaTests.xctest */ = {isa = PBXFileReference; explicitFileType = wrapper.cfbundle; includeInIndex = 0; path = "Vida submarinaTests.xctest"; sourceTree = BUILT_PRODUCTS_DIR; };
		3F0A896B29F6F53F006B8485 /* Vida_submarinaTests.swift */ = {isa = PBXFileReference; lastKnownFileType = sourcecode.swift; path = Vida_submarinaTests.swift; sourceTree = "<group>"; };
		3F0A897129F6F53F006B8485 /* Vida submarinaUITests.xctest */ = {isa = PBXFileReference; explicitFileType = wrapper.cfbundle; includeInIndex = 0; path = "Vida submarinaUITests.xctest"; sourceTree = BUILT_PRODUCTS_DIR; };
		3F0A897529F6F53F006B8485 /* Vida_submarinaUITests.swift */ = {isa = PBXFileReference; lastKnownFileType = sourcecode.swift; path = Vida_submarinaUITests.swift; sourceTree = "<group>"; };
		3F0A897729F6F53F006B8485 /* Vida_submarinaUITestsLaunchTests.swift */ = {isa = PBXFileReference; lastKnownFileType = sourcecode.swift; path = Vida_submarinaUITestsLaunchTests.swift; sourceTree = "<group>"; };
		3F0A898429F73367006B8485 /* listaGeneral.swift */ = {isa = PBXFileReference; lastKnownFileType = sourcecode.swift; path = listaGeneral.swift; sourceTree = "<group>"; };
		3F73885B29F87EB600EB5065 /* SplashScreen.swift */ = {isa = PBXFileReference; lastKnownFileType = sourcecode.swift; path = SplashScreen.swift; sourceTree = "<group>"; };
		3F73885D29F8806200EB5065 /* ronda bold.ttf */ = {isa = PBXFileReference; lastKnownFileType = file; path = "ronda bold.ttf"; sourceTree = "<group>"; };
		3F73885E29F880AC00EB5065 /* Vida-submarina-Info.plist */ = {isa = PBXFileReference; lastKnownFileType = text.plist; path = "Vida-submarina-Info.plist"; sourceTree = SOURCE_ROOT; };
		3F73885F29F8812800EB5065 /* ronda-bold.ttf */ = {isa = PBXFileReference; lastKnownFileType = file; path = "ronda-bold.ttf"; sourceTree = "<group>"; };
		3F7E225E29F8655900C82429 /* helper.swift */ = {isa = PBXFileReference; fileEncoding = 4; lastKnownFileType = sourcecode.swift; name = helper.swift; path = ../../../../Downloads/helper.swift; sourceTree = "<group>"; };
		3F7E226029F8672600C82429 /* DetailInfo.swift */ = {isa = PBXFileReference; lastKnownFileType = sourcecode.swift; path = DetailInfo.swift; sourceTree = "<group>"; };
/* End PBXFileReference section */

/* Begin PBXFrameworksBuildPhase section */
		3F0A894F29F6F53E006B8485 /* Frameworks */ = {
			isa = PBXFrameworksBuildPhase;
			buildActionMask = 2147483647;
			files = (
			);
			runOnlyForDeploymentPostprocessing = 0;
		};
		3F0A896429F6F53F006B8485 /* Frameworks */ = {
			isa = PBXFrameworksBuildPhase;
			buildActionMask = 2147483647;
			files = (
			);
			runOnlyForDeploymentPostprocessing = 0;
		};
		3F0A896E29F6F53F006B8485 /* Frameworks */ = {
			isa = PBXFrameworksBuildPhase;
			buildActionMask = 2147483647;
			files = (
			);
			runOnlyForDeploymentPostprocessing = 0;
		};
/* End PBXFrameworksBuildPhase section */

/* Begin PBXGroup section */
		3F0A894929F6F53E006B8485 = {
			isa = PBXGroup;
			children = (
				3F0A895429F6F53E006B8485 /* Vida submarina */,
				3F0A896A29F6F53F006B8485 /* Vida submarinaTests */,
				3F0A897429F6F53F006B8485 /* Vida submarinaUITests */,
				3F0A895329F6F53E006B8485 /* Products */,
			);
			sourceTree = "<group>";
		};
		3F0A895329F6F53E006B8485 /* Products */ = {
			isa = PBXGroup;
			children = (
				3F0A895229F6F53E006B8485 /* Vida submarina.app */,
				3F0A896729F6F53F006B8485 /* Vida submarinaTests.xctest */,
				3F0A897129F6F53F006B8485 /* Vida submarinaUITests.xctest */,
			);
			name = Products;
			sourceTree = "<group>";
		};
		3F0A895429F6F53E006B8485 /* Vida submarina */ = {
			isa = PBXGroup;
			children = (
				3F73885E29F880AC00EB5065 /* Vida-submarina-Info.plist */,
				3F0A895529F6F53E006B8485 /* Vida_submarinaApp.swift */,
				3F0A895729F6F53E006B8485 /* playasView.swift */,
				3F0A898429F73367006B8485 /* listaGeneral.swift */,
				3F73885B29F87EB600EB5065 /* SplashScreen.swift */,
				3F7E226029F8672600C82429 /* DetailInfo.swift */,
				3F7E225E29F8655900C82429 /* helper.swift */,
				3F73885D29F8806200EB5065 /* ronda bold.ttf */,
				3F73885F29F8812800EB5065 /* ronda-bold.ttf */,
				3F0A895929F6F53F006B8485 /* Assets.xcassets */,
				3F0A895E29F6F53F006B8485 /* Persistence.swift */,
				3F0A896029F6F53F006B8485 /* Vida_submarina.xcdatamodeld */,
				3F0A895B29F6F53F006B8485 /* Preview Content */,
			);
			path = "Vida submarina";
			sourceTree = "<group>";
		};
		3F0A895B29F6F53F006B8485 /* Preview Content */ = {
			isa = PBXGroup;
			children = (
				3F0A895C29F6F53F006B8485 /* Preview Assets.xcassets */,
			);
			path = "Preview Content";
			sourceTree = "<group>";
		};
		3F0A896A29F6F53F006B8485 /* Vida submarinaTests */ = {
			isa = PBXGroup;
			children = (
				3F0A896B29F6F53F006B8485 /* Vida_submarinaTests.swift */,
			);
			path = "Vida submarinaTests";
			sourceTree = "<group>";
		};
		3F0A897429F6F53F006B8485 /* Vida submarinaUITests */ = {
			isa = PBXGroup;
			children = (
				3F0A897529F6F53F006B8485 /* Vida_submarinaUITests.swift */,
				3F0A897729F6F53F006B8485 /* Vida_submarinaUITestsLaunchTests.swift */,
			);
			path = "Vida submarinaUITests";
			sourceTree = "<group>";
		};
/* End PBXGroup section */

/* Begin PBXNativeTarget section */
		3F0A895129F6F53E006B8485 /* Vida submarina */ = {
			isa = PBXNativeTarget;
			buildConfigurationList = 3F0A897B29F6F53F006B8485 /* Build configuration list for PBXNativeTarget "Vida submarina" */;
			buildPhases = (
				3F0A894E29F6F53E006B8485 /* Sources */,
				3F0A894F29F6F53E006B8485 /* Frameworks */,
				3F0A895029F6F53E006B8485 /* Resources */,
			);
			buildRules = (
			);
			dependencies = (
			);
			name = "Vida submarina";
			productName = "Vida submarina";
			productReference = 3F0A895229F6F53E006B8485 /* Vida submarina.app */;
			productType = "com.apple.product-type.application";
		};
		3F0A896629F6F53F006B8485 /* Vida submarinaTests */ = {
			isa = PBXNativeTarget;
			buildConfigurationList = 3F0A897E29F6F53F006B8485 /* Build configuration list for PBXNativeTarget "Vida submarinaTests" */;
			buildPhases = (
				3F0A896329F6F53F006B8485 /* Sources */,
				3F0A896429F6F53F006B8485 /* Frameworks */,
				3F0A896529F6F53F006B8485 /* Resources */,
			);
			buildRules = (
			);
			dependencies = (
				3F0A896929F6F53F006B8485 /* PBXTargetDependency */,
			);
			name = "Vida submarinaTests";
			productName = "Vida submarinaTests";
			productReference = 3F0A896729F6F53F006B8485 /* Vida submarinaTests.xctest */;
			productType = "com.apple.product-type.bundle.unit-test";
		};
		3F0A897029F6F53F006B8485 /* Vida submarinaUITests */ = {
			isa = PBXNativeTarget;
			buildConfigurationList = 3F0A898129F6F53F006B8485 /* Build configuration list for PBXNativeTarget "Vida submarinaUITests" */;
			buildPhases = (
				3F0A896D29F6F53F006B8485 /* Sources */,
				3F0A896E29F6F53F006B8485 /* Frameworks */,
				3F0A896F29F6F53F006B8485 /* Resources */,
			);
			buildRules = (
			);
			dependencies = (
				3F0A897329F6F53F006B8485 /* PBXTargetDependency */,
			);
			name = "Vida submarinaUITests";
			productName = "Vida submarinaUITests";
			productReference = 3F0A897129F6F53F006B8485 /* Vida submarinaUITests.xctest */;
			productType = "com.apple.product-type.bundle.ui-testing";
		};
/* End PBXNativeTarget section */

/* Begin PBXProject section */
		3F0A894A29F6F53E006B8485 /* Project object */ = {
			isa = PBXProject;
			attributes = {
				BuildIndependentTargetsInParallel = 1;
				LastSwiftUpdateCheck = 1420;
				LastUpgradeCheck = 1420;
				TargetAttributes = {
					3F0A895129F6F53E006B8485 = {
						CreatedOnToolsVersion = 14.2;
					};
					3F0A896629F6F53F006B8485 = {
						CreatedOnToolsVersion = 14.2;
						TestTargetID = 3F0A895129F6F53E006B8485;
					};
					3F0A897029F6F53F006B8485 = {
						CreatedOnToolsVersion = 14.2;
						TestTargetID = 3F0A895129F6F53E006B8485;
					};
				};
			};
			buildConfigurationList = 3F0A894D29F6F53E006B8485 /* Build configuration list for PBXProject "Vida submarina" */;
			compatibilityVersion = "Xcode 14.0";
			developmentRegion = en;
			hasScannedForEncodings = 0;
			knownRegions = (
				en,
				Base,
			);
			mainGroup = 3F0A894929F6F53E006B8485;
			productRefGroup = 3F0A895329F6F53E006B8485 /* Products */;
			projectDirPath = "";
			projectRoot = "";
			targets = (
				3F0A895129F6F53E006B8485 /* Vida submarina */,
				3F0A896629F6F53F006B8485 /* Vida submarinaTests */,
				3F0A897029F6F53F006B8485 /* Vida submarinaUITests */,
			);
		};
/* End PBXProject section */

/* Begin PBXResourcesBuildPhase section */
		3F0A895029F6F53E006B8485 /* Resources */ = {
			isa = PBXResourcesBuildPhase;
			buildActionMask = 2147483647;
			files = (
				3F0A895D29F6F53F006B8485 /* Preview Assets.xcassets in Resources */,
				3F0A895A29F6F53F006B8485 /* Assets.xcassets in Resources */,
			);
			runOnlyForDeploymentPostprocessing = 0;
		};
		3F0A896529F6F53F006B8485 /* Resources */ = {
			isa = PBXResourcesBuildPhase;
			buildActionMask = 2147483647;
			files = (
			);
			runOnlyForDeploymentPostprocessing = 0;
		};
		3F0A896F29F6F53F006B8485 /* Resources */ = {
			isa = PBXResourcesBuildPhase;
			buildActionMask = 2147483647;
			files = (
			);
			runOnlyForDeploymentPostprocessing = 0;
		};
/* End PBXResourcesBuildPhase section */

/* Begin PBXSourcesBuildPhase section */
		3F0A894E29F6F53E006B8485 /* Sources */ = {
			isa = PBXSourcesBuildPhase;
			buildActionMask = 2147483647;
			files = (
				3F73885C29F87EB600EB5065 /* SplashScreen.swift in Sources */,
				3F0A896229F6F53F006B8485 /* Vida_submarina.xcdatamodeld in Sources */,
				3F0A898529F73367006B8485 /* listaGeneral.swift in Sources */,
				3F0A895F29F6F53F006B8485 /* Persistence.swift in Sources */,
				3F0A895829F6F53E006B8485 /* playasView.swift in Sources */,
				3F0A895629F6F53E006B8485 /* Vida_submarinaApp.swift in Sources */,
				3F7E226129F8672600C82429 /* DetailInfo.swift in Sources */,
				3F7E225F29F8655900C82429 /* helper.swift in Sources */,
			);
			runOnlyForDeploymentPostprocessing = 0;
		};
		3F0A896329F6F53F006B8485 /* Sources */ = {
			isa = PBXSourcesBuildPhase;
			buildActionMask = 2147483647;
			files = (
				3F0A896C29F6F53F006B8485 /* Vida_submarinaTests.swift in Sources */,
			);
			runOnlyForDeploymentPostprocessing = 0;
		};
		3F0A896D29F6F53F006B8485 /* Sources */ = {
			isa = PBXSourcesBuildPhase;
			buildActionMask = 2147483647;
			files = (
				3F0A897629F6F53F006B8485 /* Vida_submarinaUITests.swift in Sources */,
				3F0A897829F6F53F006B8485 /* Vida_submarinaUITestsLaunchTests.swift in Sources */,
			);
			runOnlyForDeploymentPostprocessing = 0;
		};
/* End PBXSourcesBuildPhase section */

/* Begin PBXTargetDependency section */
		3F0A896929F6F53F006B8485 /* PBXTargetDependency */ = {
			isa = PBXTargetDependency;
			target = 3F0A895129F6F53E006B8485 /* Vida submarina */;
			targetProxy = 3F0A896829F6F53F006B8485 /* PBXContainerItemProxy */;
		};
		3F0A897329F6F53F006B8485 /* PBXTargetDependency */ = {
			isa = PBXTargetDependency;
			target = 3F0A895129F6F53E006B8485 /* Vida submarina */;
			targetProxy = 3F0A897229F6F53F006B8485 /* PBXContainerItemProxy */;
		};
/* End PBXTargetDependency section */

/* Begin XCBuildConfiguration section */
		3F0A897929F6F53F006B8485 /* Debug */ = {
			isa = XCBuildConfiguration;
			buildSettings = {
				ALWAYS_SEARCH_USER_PATHS = NO;
				CLANG_ANALYZER_NONNULL = YES;
				CLANG_ANALYZER_NUMBER_OBJECT_CONVERSION = YES_AGGRESSIVE;
				CLANG_CXX_LANGUAGE_STANDARD = "gnu++20";
				CLANG_ENABLE_MODULES = YES;
				CLANG_ENABLE_OBJC_ARC = YES;
				CLANG_ENABLE_OBJC_WEAK = YES;
				CLANG_WARN_BLOCK_CAPTURE_AUTORELEASING = YES;
				CLANG_WARN_BOOL_CONVERSION = YES;
				CLANG_WARN_COMMA = YES;
				CLANG_WARN_CONSTANT_CONVERSION = YES;
				CLANG_WARN_DEPRECATED_OBJC_IMPLEMENTATIONS = YES;
				CLANG_WARN_DIRECT_OBJC_ISA_USAGE = YES_ERROR;
				CLANG_WARN_DOCUMENTATION_COMMENTS = YES;
				CLANG_WARN_EMPTY_BODY = YES;
				CLANG_WARN_ENUM_CONVERSION = YES;
				CLANG_WARN_INFINITE_RECURSION = YES;
				CLANG_WARN_INT_CONVERSION = YES;
				CLANG_WARN_NON_LITERAL_NULL_CONVERSION = YES;
				CLANG_WARN_OBJC_IMPLICIT_RETAIN_SELF = YES;
				CLANG_WARN_OBJC_LITERAL_CONVERSION = YES;
				CLANG_WARN_OBJC_ROOT_CLASS = YES_ERROR;
				CLANG_WARN_QUOTED_INCLUDE_IN_FRAMEWORK_HEADER = YES;
				CLANG_WARN_RANGE_LOOP_ANALYSIS = YES;
				CLANG_WARN_STRICT_PROTOTYPES = YES;
				CLANG_WARN_SUSPICIOUS_MOVE = YES;
				CLANG_WARN_UNGUARDED_AVAILABILITY = YES_AGGRESSIVE;
				CLANG_WARN_UNREACHABLE_CODE = YES;
				CLANG_WARN__DUPLICATE_METHOD_MATCH = YES;
				COPY_PHASE_STRIP = NO;
				DEBUG_INFORMATION_FORMAT = dwarf;
				ENABLE_STRICT_OBJC_MSGSEND = YES;
				ENABLE_TESTABILITY = YES;
				GCC_C_LANGUAGE_STANDARD = gnu11;
				GCC_DYNAMIC_NO_PIC = NO;
				GCC_NO_COMMON_BLOCKS = YES;
				GCC_OPTIMIZATION_LEVEL = 0;
				GCC_PREPROCESSOR_DEFINITIONS = (
					"DEBUG=1",
					"$(inherited)",
				);
				GCC_WARN_64_TO_32_BIT_CONVERSION = YES;
				GCC_WARN_ABOUT_RETURN_TYPE = YES_ERROR;
				GCC_WARN_UNDECLARED_SELECTOR = YES;
				GCC_WARN_UNINITIALIZED_AUTOS = YES_AGGRESSIVE;
				GCC_WARN_UNUSED_FUNCTION = YES;
				GCC_WARN_UNUSED_VARIABLE = YES;
				IPHONEOS_DEPLOYMENT_TARGET = 16.2;
				MTL_ENABLE_DEBUG_INFO = INCLUDE_SOURCE;
				MTL_FAST_MATH = YES;
				ONLY_ACTIVE_ARCH = YES;
				SDKROOT = iphoneos;
				SWIFT_ACTIVE_COMPILATION_CONDITIONS = DEBUG;
				SWIFT_OPTIMIZATION_LEVEL = "-Onone";
			};
			name = Debug;
		};
		3F0A897A29F6F53F006B8485 /* Release */ = {
			isa = XCBuildConfiguration;
			buildSettings = {
				ALWAYS_SEARCH_USER_PATHS = NO;
				CLANG_ANALYZER_NONNULL = YES;
				CLANG_ANALYZER_NUMBER_OBJECT_CONVERSION = YES_AGGRESSIVE;
				CLANG_CXX_LANGUAGE_STANDARD = "gnu++20";
				CLANG_ENABLE_MODULES = YES;
				CLANG_ENABLE_OBJC_ARC = YES;
				CLANG_ENABLE_OBJC_WEAK = YES;
				CLANG_WARN_BLOCK_CAPTURE_AUTORELEASING = YES;
				CLANG_WARN_BOOL_CONVERSION = YES;
				CLANG_WARN_COMMA = YES;
				CLANG_WARN_CONSTANT_CONVERSION = YES;
				CLANG_WARN_DEPRECATED_OBJC_IMPLEMENTATIONS = YES;
				CLANG_WARN_DIRECT_OBJC_ISA_USAGE = YES_ERROR;
				CLANG_WARN_DOCUMENTATION_COMMENTS = YES;
				CLANG_WARN_EMPTY_BODY = YES;
				CLANG_WARN_ENUM_CONVERSION = YES;
				CLANG_WARN_INFINITE_RECURSION = YES;
				CLANG_WARN_INT_CONVERSION = YES;
				CLANG_WARN_NON_LITERAL_NULL_CONVERSION = YES;
				CLANG_WARN_OBJC_IMPLICIT_RETAIN_SELF = YES;
				CLANG_WARN_OBJC_LITERAL_CONVERSION = YES;
				CLANG_WARN_OBJC_ROOT_CLASS = YES_ERROR;
				CLANG_WARN_QUOTED_INCLUDE_IN_FRAMEWORK_HEADER = YES;
				CLANG_WARN_RANGE_LOOP_ANALYSIS = YES;
				CLANG_WARN_STRICT_PROTOTYPES = YES;
				CLANG_WARN_SUSPICIOUS_MOVE = YES;
				CLANG_WARN_UNGUARDED_AVAILABILITY = YES_AGGRESSIVE;
				CLANG_WARN_UNREACHABLE_CODE = YES;
				CLANG_WARN__DUPLICATE_METHOD_MATCH = YES;
				COPY_PHASE_STRIP = NO;
				DEBUG_INFORMATION_FORMAT = "dwarf-with-dsym";
				ENABLE_NS_ASSERTIONS = NO;
				ENABLE_STRICT_OBJC_MSGSEND = YES;
				GCC_C_LANGUAGE_STANDARD = gnu11;
				GCC_NO_COMMON_BLOCKS = YES;
				GCC_WARN_64_TO_32_BIT_CONVERSION = YES;
				GCC_WARN_ABOUT_RETURN_TYPE = YES_ERROR;
				GCC_WARN_UNDECLARED_SELECTOR = YES;
				GCC_WARN_UNINITIALIZED_AUTOS = YES_AGGRESSIVE;
				GCC_WARN_UNUSED_FUNCTION = YES;
				GCC_WARN_UNUSED_VARIABLE = YES;
				IPHONEOS_DEPLOYMENT_TARGET = 16.2;
				MTL_ENABLE_DEBUG_INFO = NO;
				MTL_FAST_MATH = YES;
				SDKROOT = iphoneos;
				SWIFT_COMPILATION_MODE = wholemodule;
				SWIFT_OPTIMIZATION_LEVEL = "-O";
				VALIDATE_PRODUCT = YES;
			};
			name = Release;
		};
		3F0A897C29F6F53F006B8485 /* Debug */ = {
			isa = XCBuildConfiguration;
			buildSettings = {
				ASSETCATALOG_COMPILER_APPICON_NAME = AppIcon;
				ASSETCATALOG_COMPILER_GLOBAL_ACCENT_COLOR_NAME = AccentColor;
				CODE_SIGN_STYLE = Automatic;
				CURRENT_PROJECT_VERSION = 1;
				DEVELOPMENT_ASSET_PATHS = "\"Vida submarina/Preview Content\"";
				ENABLE_PREVIEWS = YES;
				GENERATE_INFOPLIST_FILE = YES;
				INFOPLIST_FILE = "Vida-submarina-Info.plist";
				INFOPLIST_KEY_UIApplicationSceneManifest_Generation = YES;
				INFOPLIST_KEY_UIApplicationSupportsIndirectInputEvents = YES;
				INFOPLIST_KEY_UILaunchScreen_Generation = YES;
				INFOPLIST_KEY_UISupportedInterfaceOrientations_iPad = "UIInterfaceOrientationPortrait UIInterfaceOrientationPortraitUpsideDown UIInterfaceOrientationLandscapeLeft UIInterfaceOrientationLandscapeRight";
				INFOPLIST_KEY_UISupportedInterfaceOrientations_iPhone = "UIInterfaceOrientationPortrait UIInterfaceOrientationLandscapeLeft UIInterfaceOrientationLandscapeRight";
				LD_RUNPATH_SEARCH_PATHS = (
					"$(inherited)",
					"@executable_path/Frameworks",
				);
				MARKETING_VERSION = 1.0;
				PRODUCT_BUNDLE_IDENTIFIER = "ios.Vida-submarina";
				PRODUCT_NAME = "$(TARGET_NAME)";
				SWIFT_EMIT_LOC_STRINGS = YES;
				SWIFT_VERSION = 5.0;
				TARGETED_DEVICE_FAMILY = "1,2";
			};
			name = Debug;
		};
		3F0A897D29F6F53F006B8485 /* Release */ = {
			isa = XCBuildConfiguration;
			buildSettings = {
				ASSETCATALOG_COMPILER_APPICON_NAME = AppIcon;
				ASSETCATALOG_COMPILER_GLOBAL_ACCENT_COLOR_NAME = AccentColor;
				CODE_SIGN_STYLE = Automatic;
				CURRENT_PROJECT_VERSION = 1;
				DEVELOPMENT_ASSET_PATHS = "\"Vida submarina/Preview Content\"";
				ENABLE_PREVIEWS = YES;
				GENERATE_INFOPLIST_FILE = YES;
				INFOPLIST_FILE = "Vida-submarina-Info.plist";
				INFOPLIST_KEY_UIApplicationSceneManifest_Generation = YES;
				INFOPLIST_KEY_UIApplicationSupportsIndirectInputEvents = YES;
				INFOPLIST_KEY_UILaunchScreen_Generation = YES;
				INFOPLIST_KEY_UISupportedInterfaceOrientations_iPad = "UIInterfaceOrientationPortrait UIInterfaceOrientationPortraitUpsideDown UIInterfaceOrientationLandscapeLeft UIInterfaceOrientationLandscapeRight";
				INFOPLIST_KEY_UISupportedInterfaceOrientations_iPhone = "UIInterfaceOrientationPortrait UIInterfaceOrientationLandscapeLeft UIInterfaceOrientationLandscapeRight";
				LD_RUNPATH_SEARCH_PATHS = (
					"$(inherited)",
					"@executable_path/Frameworks",
				);
				MARKETING_VERSION = 1.0;
				PRODUCT_BUNDLE_IDENTIFIER = "ios.Vida-submarina";
				PRODUCT_NAME = "$(TARGET_NAME)";
				SWIFT_EMIT_LOC_STRINGS = YES;
				SWIFT_VERSION = 5.0;
				TARGETED_DEVICE_FAMILY = "1,2";
			};
			name = Release;
		};
		3F0A897F29F6F53F006B8485 /* Debug */ = {
			isa = XCBuildConfiguration;
			buildSettings = {
				ALWAYS_EMBED_SWIFT_STANDARD_LIBRARIES = YES;
				BUNDLE_LOADER = "$(TEST_HOST)";
				CODE_SIGN_STYLE = Automatic;
				CURRENT_PROJECT_VERSION = 1;
				GENERATE_INFOPLIST_FILE = YES;
				IPHONEOS_DEPLOYMENT_TARGET = 16.2;
				MARKETING_VERSION = 1.0;
				PRODUCT_BUNDLE_IDENTIFIER = "ios.Vida-submarinaTests";
				PRODUCT_NAME = "$(TARGET_NAME)";
				SWIFT_EMIT_LOC_STRINGS = NO;
				SWIFT_VERSION = 5.0;
				TARGETED_DEVICE_FAMILY = "1,2";
				TEST_HOST = "$(BUILT_PRODUCTS_DIR)/Vida submarina.app/$(BUNDLE_EXECUTABLE_FOLDER_PATH)/Vida submarina";
			};
			name = Debug;
		};
		3F0A898029F6F53F006B8485 /* Release */ = {
			isa = XCBuildConfiguration;
			buildSettings = {
				ALWAYS_EMBED_SWIFT_STANDARD_LIBRARIES = YES;
				BUNDLE_LOADER = "$(TEST_HOST)";
				CODE_SIGN_STYLE = Automatic;
				CURRENT_PROJECT_VERSION = 1;
				GENERATE_INFOPLIST_FILE = YES;
				IPHONEOS_DEPLOYMENT_TARGET = 16.2;
				MARKETING_VERSION = 1.0;
				PRODUCT_BUNDLE_IDENTIFIER = "ios.Vida-submarinaTests";
				PRODUCT_NAME = "$(TARGET_NAME)";
				SWIFT_EMIT_LOC_STRINGS = NO;
				SWIFT_VERSION = 5.0;
				TARGETED_DEVICE_FAMILY = "1,2";
				TEST_HOST = "$(BUILT_PRODUCTS_DIR)/Vida submarina.app/$(BUNDLE_EXECUTABLE_FOLDER_PATH)/Vida submarina";
			};
			name = Release;
		};
		3F0A898229F6F53F006B8485 /* Debug */ = {
			isa = XCBuildConfiguration;
			buildSettings = {
				ALWAYS_EMBED_SWIFT_STANDARD_LIBRARIES = YES;
				CODE_SIGN_STYLE = Automatic;
				CURRENT_PROJECT_VERSION = 1;
				GENERATE_INFOPLIST_FILE = YES;
				MARKETING_VERSION = 1.0;
				PRODUCT_BUNDLE_IDENTIFIER = "ios.Vida-submarinaUITests";
				PRODUCT_NAME = "$(TARGET_NAME)";
				SWIFT_EMIT_LOC_STRINGS = NO;
				SWIFT_VERSION = 5.0;
				TARGETED_DEVICE_FAMILY = "1,2";
				TEST_TARGET_NAME = "Vida submarina";
			};
			name = Debug;
		};
		3F0A898329F6F53F006B8485 /* Release */ = {
			isa = XCBuildConfiguration;
			buildSettings = {
				ALWAYS_EMBED_SWIFT_STANDARD_LIBRARIES = YES;
				CODE_SIGN_STYLE = Automatic;
				CURRENT_PROJECT_VERSION = 1;
				GENERATE_INFOPLIST_FILE = YES;
				MARKETING_VERSION = 1.0;
				PRODUCT_BUNDLE_IDENTIFIER = "ios.Vida-submarinaUITests";
				PRODUCT_NAME = "$(TARGET_NAME)";
				SWIFT_EMIT_LOC_STRINGS = NO;
				SWIFT_VERSION = 5.0;
				TARGETED_DEVICE_FAMILY = "1,2";
				TEST_TARGET_NAME = "Vida submarina";
			};
			name = Release;
		};
/* End XCBuildConfiguration section */

/* Begin XCConfigurationList section */
		3F0A894D29F6F53E006B8485 /* Build configuration list for PBXProject "Vida submarina" */ = {
			isa = XCConfigurationList;
			buildConfigurations = (
				3F0A897929F6F53F006B8485 /* Debug */,
				3F0A897A29F6F53F006B8485 /* Release */,
			);
			defaultConfigurationIsVisible = 0;
			defaultConfigurationName = Release;
		};
		3F0A897B29F6F53F006B8485 /* Build configuration list for PBXNativeTarget "Vida submarina" */ = {
			isa = XCConfigurationList;
			buildConfigurations = (
				3F0A897C29F6F53F006B8485 /* Debug */,
				3F0A897D29F6F53F006B8485 /* Release */,
			);
			defaultConfigurationIsVisible = 0;
			defaultConfigurationName = Release;
		};
		3F0A897E29F6F53F006B8485 /* Build configuration list for PBXNativeTarget "Vida submarinaTests" */ = {
			isa = XCConfigurationList;
			buildConfigurations = (
				3F0A897F29F6F53F006B8485 /* Debug */,
				3F0A898029F6F53F006B8485 /* Release */,
			);
			defaultConfigurationIsVisible = 0;
			defaultConfigurationName = Release;
		};
		3F0A898129F6F53F006B8485 /* Build configuration list for PBXNativeTarget "Vida submarinaUITests" */ = {
			isa = XCConfigurationList;
			buildConfigurations = (
				3F0A898229F6F53F006B8485 /* Debug */,
				3F0A898329F6F53F006B8485 /* Release */,
			);
			defaultConfigurationIsVisible = 0;
			defaultConfigurationName = Release;
		};
/* End XCConfigurationList section */

/* Begin XCVersionGroup section */
		3F0A896029F6F53F006B8485 /* Vida_submarina.xcdatamodeld */ = {
			isa = XCVersionGroup;
			children = (
				3F0A896129F6F53F006B8485 /* Vida_submarina.xcdatamodel */,
			);
			currentVersion = 3F0A896129F6F53F006B8485 /* Vida_submarina.xcdatamodel */;
			path = Vida_submarina.xcdatamodeld;
			sourceTree = "<group>";
			versionGroupType = wrapper.xcdatamodel;
		};
/* End XCVersionGroup section */
	};
	rootObject = 3F0A894A29F6F53E006B8485 /* Project object */;
}
